
Microsoft Visual Studio Solution File, Format Version 12.00
# Visual Studio 15
VisualStudioVersion = 15.0.28307.902
MinimumVisualStudioVersion = 10.0.40219.1
Project("{FAE04EC0-301F-11D3-BF4B-00C04F79EFBC}") = "5SemesterWebAppHovedOpgave", "5SemesterWebAppHovedOpgave\5SemesterWebAppHovedOpgave.csproj", "{A963343C-B127-4482-B64E-FC712F7D8E0E}"
EndProject
Global
	GlobalSection(SolutionConfigurationPlatforms) = preSolution
		Debug|Any CPU = Debug|Any CPU
		Release|Any CPU = Release|Any CPU
	EndGlobalSection
	GlobalSection(ProjectConfigurationPlatforms) = postSolution
		{A963343C-B127-4482-B64E-FC712F7D8E0E}.Debug|Any CPU.ActiveCfg = Debug|Any CPU
		{A963343C-B127-4482-B64E-FC712F7D8E0E}.Debug|Any CPU.Build.0 = Debug|Any CPU
		{A963343C-B127-4482-B64E-FC712F7D8E0E}.Release|Any CPU.ActiveCfg = Release|Any CPU
		{A963343C-B127-4482-B64E-FC712F7D8E0E}.Release|Any CPU.Build.0 = Release|Any CPU
	EndGlobalSection
	GlobalSection(SolutionProperties) = preSolution
		HideSolutionNode = FALSE
	EndGlobalSection
	GlobalSection(ExtensibilityGlobals) = postSolution
		SolutionGuid = {305179B7-2974-44EE-A1F8-B50165F56458}
	EndGlobalSection
EndGlobal
